
Microsoft Visual Studio Solution File, Format Version 12.00
# Visual Studio Version 17
VisualStudioVersion = 17.11.35222.181
MinimumVisualStudioVersion = 10.0.40219.1
Project("{FAE04EC0-301F-11D3-BF4B-00C04F79EFBC}") = "Dipesh_lift_system", "Dipesh_lift_system\Dipesh_lift_system.csproj", "{E0744759-023C-4149-B6A1-C54E47033FA1}"
EndProject
Global
	GlobalSection(SolutionConfigurationPlatforms) = preSolution
		Debug|Any CPU = Debug|Any CPU
		Release|Any CPU = Release|Any CPU
	EndGlobalSection
	GlobalSection(ProjectConfigurationPlatforms) = postSolution
		{E0744759-023C-4149-B6A1-C54E47033FA1}.Debug|Any CPU.ActiveCfg = Debug|Any CPU
		{E0744759-023C-4149-B6A1-C54E47033FA1}.Debug|Any CPU.Build.0 = Debug|Any CPU
		{E0744759-023C-4149-B6A1-C54E47033FA1}.Release|Any CPU.ActiveCfg = Release|Any CPU
		{E0744759-023C-4149-B6A1-C54E47033FA1}.Release|Any CPU.Build.0 = Release|Any CPU
	EndGlobalSection
	GlobalSection(SolutionProperties) = preSolution
		HideSolutionNode = FALSE
	EndGlobalSection
	GlobalSection(ExtensibilityGlobals) = postSolution
		SolutionGuid = {005A0B82-D5A2-43B7-906C-FEB85790A554}
	EndGlobalSection
EndGlobal
